Microsoft Visual Studio Solution File, Format Version 12.00
# Visual Studio 2012
Project("{FAE04EC0-301F-11D3-BF4B-00C04F79EFBC}") = "Generic Metroidvania", "Generic Metroidvania.csproj", "{77F33C31-4755-4B8F-B399-E8ACA58ACECD}"
EndProject
Global
	GlobalSection(SolutionConfigurationPlatforms) = preSolution
	Debug|Any CPU = Debug|Any CPU
	ExportDebug|Any CPU = ExportDebug|Any CPU
	ExportRelease|Any CPU = ExportRelease|Any CPU
	EndGlobalSection
	GlobalSection(ProjectConfigurationPlatforms) = postSolution
		{77F33C31-4755-4B8F-B399-E8ACA58ACECD}.Debug|Any CPU.ActiveCfg = Debug|Any CPU
		{77F33C31-4755-4B8F-B399-E8ACA58ACECD}.Debug|Any CPU.Build.0 = Debug|Any CPU
		{77F33C31-4755-4B8F-B399-E8ACA58ACECD}.ExportDebug|Any CPU.ActiveCfg = ExportDebug|Any CPU
		{77F33C31-4755-4B8F-B399-E8ACA58ACECD}.ExportDebug|Any CPU.Build.0 = ExportDebug|Any CPU
		{77F33C31-4755-4B8F-B399-E8ACA58ACECD}.ExportRelease|Any CPU.ActiveCfg = ExportRelease|Any CPU
		{77F33C31-4755-4B8F-B399-E8ACA58ACECD}.ExportRelease|Any CPU.Build.0 = ExportRelease|Any CPU
	EndGlobalSection
EndGlobal
